
Microsoft Visual Studio Solution File, Format Version 12.00
# Visual Studio Version 17
VisualStudioVersion = 17.5.33627.172
MinimumVisualStudioVersion = 10.0.40219.1
Project("{FAE04EC0-301F-11D3-BF4B-00C04F79EFBC}") = "ConsultarEncuesta-PPAI", "ConsultarEncuesta-PPAI\ConsultarEncuesta-PPAI.csproj", "{56517CCA-DFE1-4D7C-AD81-6646D80CABD8}"
EndProject
Global
	GlobalSection(SolutionConfigurationPlatforms) = preSolution
		Debug|Any CPU = Debug|Any CPU
		Release|Any CPU = Release|Any CPU
	EndGlobalSection
	GlobalSection(ProjectConfigurationPlatforms) = postSolution
		{56517CCA-DFE1-4D7C-AD81-6646D80CABD8}.Debug|Any CPU.ActiveCfg = Debug|Any CPU
		{56517CCA-DFE1-4D7C-AD81-6646D80CABD8}.Debug|Any CPU.Build.0 = Debug|Any CPU
		{56517CCA-DFE1-4D7C-AD81-6646D80CABD8}.Release|Any CPU.ActiveCfg = Release|Any CPU
		{56517CCA-DFE1-4D7C-AD81-6646D80CABD8}.Release|Any CPU.Build.0 = Release|Any CPU
	EndGlobalSection
	GlobalSection(SolutionProperties) = preSolution
		HideSolutionNode = FALSE
	EndGlobalSection
	GlobalSection(ExtensibilityGlobals) = postSolution
		SolutionGuid = {AD29B340-A25A-444F-8081-B5FB280566AD}
	EndGlobalSection
EndGlobal
